
Microsoft Visual Studio Solution File, Format Version 12.00
# Visual Studio Version 17
VisualStudioVersion = 17.14.36429.23 d17.14
MinimumVisualStudioVersion = 10.0.40219.1
Project("{FAE04EC0-301F-11D3-BF4B-00C04F79EFBC}") = "ElorMAUI", "ElorMAUI.csproj", "{694D0328-2905-4E51-8EC0-CE69A67E1171}"
EndProject
Global
	GlobalSection(SolutionConfigurationPlatforms) = preSolution
		Debug|Any CPU = Debug|Any CPU
		Release|Any CPU = Release|Any CPU
	EndGlobalSection
	GlobalSection(ProjectConfigurationPlatforms) = postSolution
		{694D0328-2905-4E51-8EC0-CE69A67E1171}.Debug|Any CPU.ActiveCfg = Debug|Any CPU
		{694D0328-2905-4E51-8EC0-CE69A67E1171}.Debug|Any CPU.Build.0 = Debug|Any CPU
		{694D0328-2905-4E51-8EC0-CE69A67E1171}.Release|Any CPU.ActiveCfg = Release|Any CPU
		{694D0328-2905-4E51-8EC0-CE69A67E1171}.Release|Any CPU.Build.0 = Release|Any CPU
	EndGlobalSection
	GlobalSection(SolutionProperties) = preSolution
		HideSolutionNode = FALSE
	EndGlobalSection
	GlobalSection(ExtensibilityGlobals) = postSolution
		SolutionGuid = {AC723EEA-B337-4D2D-9E68-347518F1C44A}
	EndGlobalSection
EndGlobal
